<?xml version="1.0" encoding="utf-8"?>
<Project ToolsVersion="4.0" xmlns="http://schemas.microsoft.com/developer/msbuild/2003">
  <ItemGroup>
    <Filter Include="include">
      <UniqueIdentifier>{93995380-89BD-4b04-88EB-625FBE52EBFB}</UniqueIdentifier>
      <Extensions>h;hh;hpp;hxx;hm;inl;inc;xsd</Extensions>
    </Filter>
    <Filter Include="source">
      <UniqueIdentifier>{4FC737F1-C7A5-4376-A066-2A32D752A2FF}</UniqueIdentifier>
      <Extensions>cpp;c;cc;cxx;def;odl;idl;hpj;bat;asm;asmx</Extensions>
    </Filter>
    <Filter Include="private">
      <UniqueIdentifier>{f2a7cf64-582e-40a7-a67d-f3be8c7c3343}</UniqueIdentifier>
    </Filter>
  </ItemGroup>
  <ItemGroup>
    <ClInclude Include="include\EditorServerSystem\config.h">
      <Filter>include</Filter>
    </ClInclude>
    <ClInclude Include="include\EditorServerSystem\EditorServerSystem.h">
      <Filter>include</Filter>
    </ClInclude>
    <ClInclude Include="private\EditorServerSystemData.h">
      <Filter>private</Filter>
    </ClInclude>
    <ClInclude Include="private\EditorOps.h">
      <Filter>private</Filter>
    </ClInclude>
    <ClInclude Include="private\Session.h">
      <Filter>private</Filter>
    </ClInclude>
    <ClInclude Include="private\Packet.h">
      <Filter>private</Filter>
    </ClInclude>
  </ItemGroup>
  <ItemGroup>
    <ClCompile Include="source\EditorServerSystem.cpp">
      <Filter>source</Filter>
    </ClCompile>
    <ClCompile Include="source\asio.cpp">
      <Filter>source</Filter>
    </ClCompile>
    <ClCompile Include="source\EditorOps.cpp">
      <Filter>source</Filter>
    </ClCompile>
    <ClCompile Include="source\Session.cpp">
      <Filter>source</Filter>
    </ClCompile>
    <ClCompile Include="source\EditorServerSystemData.cpp">
      <Filter>source</Filter>
    </ClCompile>
  </ItemGroup>
</Project>