
Microsoft Visual Studio Solution File, Format Version 12.00
# Visual Studio 14
VisualStudioVersion = 14.0.25420.1
MinimumVisualStudioVersion = 10.0.40219.1
Project("{2150E333-8FDC-42A3-9474-1A3956D46DE8}") = "Runtimes", "Runtimes", "{421E9D58-5A4F-47BC-B105-E30642E5960F}"
EndProject
Project("{2150E333-8FDC-42A3-9474-1A3956D46DE8}") = "Modules", "Modules", "{4DDBDBFF-5850-4588-9454-2B8D2C1FB659}"
EndProject
Project("{8BC9CEB8-8B4A-11D0-8D11-00A0C91BC942}") = "Core", "Modules\Core\Core.vcxproj", "{7023AB4A-7730-4594-A0C7-DDC6DA461343}"
EndProject
Project("{8BC9CEB8-8B4A-11D0-8D11-00A0C91BC942}") = "Engine", "Modules\Engine\Engine.vcxproj", "{EC7300DC-B09B-4626-80F6-432B5982638F}"
EndProject
Project("{2150E333-8FDC-42A3-9474-1A3956D46DE8}") = "Systems", "Systems", "{33DD8AB4-5401-49F6-8208-862CD2C17323}"
EndProject
Project("{8BC9CEB8-8B4A-11D0-8D11-00A0C91BC942}") = "GLRender", "Systems\GLRender\GLRender.vcxproj", "{9EF5DECE-D157-4C40-A70B-FA31F4D0894E}"
EndProject
Project("{2150E333-8FDC-42A3-9474-1A3956D46DE8}") = "Tests", "Tests", "{8C5AFF5E-172F-4804-A0B6-6FC6FB0490C6}"
EndProject
Project("{8BC9CEB8-8B4A-11D0-8D11-00A0C91BC942}") = "CoreTest", "Tests\CoreTest\CoreTest.vcxproj", "{003A4B5A-3C46-43AC-BD34-60DB1F895549}"
EndProject
Project("{8BC9CEB8-8B4A-11D0-8D11-00A0C91BC942}") = "Resource", "Modules\Resource\Resource.vcxproj", "{2254997D-F816-4644-9B73-BBAB5F035212}"
EndProject
Project("{8BC9CEB8-8B4A-11D0-8D11-00A0C91BC942}") = "GLClient", "Runtimes\GLClient\GLClient.vcxproj", "{64451793-49AB-4976-B2A8-94EDB1FD10BB}"
EndProject
Project("{8BC9CEB8-8B4A-11D0-8D11-00A0C91BC942}") = "JavaScript", "Modules\JavaScript\JavaScript.vcxproj", "{7E8F42A0-2B5A-4A25-879C-1A8BB3B2A363}"
EndProject
Project("{8BC9CEB8-8B4A-11D0-8D11-00A0C91BC942}") = "EditorServerSystem", "Systems\EditorServerSystem\EditorServerSystem.vcxproj", "{58D117A2-A8C5-469B-ACC5-E57145E74C59}"
EndProject
Project("{8BC9CEB8-8B4A-11D0-8D11-00A0C91BC942}") = "GLEditorServer", "Runtimes\GLEditorServer\GLEditorServer.vcxproj", "{A03CAE4C-92DD-429C-9623-D50A1C40E024}"
EndProject
Project("{8BC9CEB8-8B4A-11D0-8D11-00A0C91BC942}") = "BulletPhysics", "Systems\BulletPhysics\BulletPhysics.vcxproj", "{478EA17E-A118-442F-84E8-54A0F567B380}"
EndProject
Global
	GlobalSection(SolutionConfigurationPlatforms) = preSolution
		Debug|x64 = Debug|x64
		Debug|x86 = Debug|x86
		Release|x64 = Release|x64
		Release|x86 = Release|x86
	EndGlobalSection
	GlobalSection(ProjectConfigurationPlatforms) = postSolution
		{7023AB4A-7730-4594-A0C7-DDC6DA461343}.Debug|x64.ActiveCfg = Debug|x64
		{7023AB4A-7730-4594-A0C7-DDC6DA461343}.Debug|x64.Build.0 = Debug|x64
		{7023AB4A-7730-4594-A0C7-DDC6DA461343}.Debug|x86.ActiveCfg = Debug|Win32
		{7023AB4A-7730-4594-A0C7-DDC6DA461343}.Debug|x86.Build.0 = Debug|Win32
		{7023AB4A-7730-4594-A0C7-DDC6DA461343}.Release|x64.ActiveCfg = Release|x64
		{7023AB4A-7730-4594-A0C7-DDC6DA461343}.Release|x64.Build.0 = Release|x64
		{7023AB4A-7730-4594-A0C7-DDC6DA461343}.Release|x86.ActiveCfg = Release|Win32
		{7023AB4A-7730-4594-A0C7-DDC6DA461343}.Release|x86.Build.0 = Release|Win32
		{EC7300DC-B09B-4626-80F6-432B5982638F}.Debug|x64.ActiveCfg = Debug|x64
		{EC7300DC-B09B-4626-80F6-432B5982638F}.Debug|x64.Build.0 = Debug|x64
		{EC7300DC-B09B-4626-80F6-432B5982638F}.Debug|x86.ActiveCfg = Debug|Win32
		{EC7300DC-B09B-4626-80F6-432B5982638F}.Debug|x86.Build.0 = Debug|Win32
		{EC7300DC-B09B-4626-80F6-432B5982638F}.Release|x64.ActiveCfg = Release|x64
		{EC7300DC-B09B-4626-80F6-432B5982638F}.Release|x64.Build.0 = Release|x64
		{EC7300DC-B09B-4626-80F6-432B5982638F}.Release|x86.ActiveCfg = Release|Win32
		{EC7300DC-B09B-4626-80F6-432B5982638F}.Release|x86.Build.0 = Release|Win32
		{9EF5DECE-D157-4C40-A70B-FA31F4D0894E}.Debug|x64.ActiveCfg = Debug|x64
		{9EF5DECE-D157-4C40-A70B-FA31F4D0894E}.Debug|x64.Build.0 = Debug|x64
		{9EF5DECE-D157-4C40-A70B-FA31F4D0894E}.Debug|x86.ActiveCfg = Debug|Win32
		{9EF5DECE-D157-4C40-A70B-FA31F4D0894E}.Debug|x86.Build.0 = Debug|Win32
		{9EF5DECE-D157-4C40-A70B-FA31F4D0894E}.Release|x64.ActiveCfg = Release|x64
		{9EF5DECE-D157-4C40-A70B-FA31F4D0894E}.Release|x64.Build.0 = Release|x64
		{9EF5DECE-D157-4C40-A70B-FA31F4D0894E}.Release|x86.ActiveCfg = Release|Win32
		{9EF5DECE-D157-4C40-A70B-FA31F4D0894E}.Release|x86.Build.0 = Release|Win32
		{003A4B5A-3C46-43AC-BD34-60DB1F895549}.Debug|x64.ActiveCfg = Debug|x64
		{003A4B5A-3C46-43AC-BD34-60DB1F895549}.Debug|x64.Build.0 = Debug|x64
		{003A4B5A-3C46-43AC-BD34-60DB1F895549}.Debug|x86.ActiveCfg = Debug|Win32
		{003A4B5A-3C46-43AC-BD34-60DB1F895549}.Debug|x86.Build.0 = Debug|Win32
		{003A4B5A-3C46-43AC-BD34-60DB1F895549}.Release|x64.ActiveCfg = Release|x64
		{003A4B5A-3C46-43AC-BD34-60DB1F895549}.Release|x64.Build.0 = Release|x64
		{003A4B5A-3C46-43AC-BD34-60DB1F895549}.Release|x86.ActiveCfg = Release|Win32
		{003A4B5A-3C46-43AC-BD34-60DB1F895549}.Release|x86.Build.0 = Release|Win32
		{2254997D-F816-4644-9B73-BBAB5F035212}.Debug|x64.ActiveCfg = Debug|x64
		{2254997D-F816-4644-9B73-BBAB5F035212}.Debug|x64.Build.0 = Debug|x64
		{2254997D-F816-4644-9B73-BBAB5F035212}.Debug|x86.ActiveCfg = Debug|Win32
		{2254997D-F816-4644-9B73-BBAB5F035212}.Debug|x86.Build.0 = Debug|Win32
		{2254997D-F816-4644-9B73-BBAB5F035212}.Release|x64.ActiveCfg = Release|x64
		{2254997D-F816-4644-9B73-BBAB5F035212}.Release|x64.Build.0 = Release|x64
		{2254997D-F816-4644-9B73-BBAB5F035212}.Release|x86.ActiveCfg = Release|Win32
		{2254997D-F816-4644-9B73-BBAB5F035212}.Release|x86.Build.0 = Release|Win32
		{64451793-49AB-4976-B2A8-94EDB1FD10BB}.Debug|x64.ActiveCfg = Debug|x64
		{64451793-49AB-4976-B2A8-94EDB1FD10BB}.Debug|x64.Build.0 = Debug|x64
		{64451793-49AB-4976-B2A8-94EDB1FD10BB}.Debug|x86.ActiveCfg = Debug|Win32
		{64451793-49AB-4976-B2A8-94EDB1FD10BB}.Debug|x86.Build.0 = Debug|Win32
		{64451793-49AB-4976-B2A8-94EDB1FD10BB}.Release|x64.ActiveCfg = Release|x64
		{64451793-49AB-4976-B2A8-94EDB1FD10BB}.Release|x64.Build.0 = Release|x64
		{64451793-49AB-4976-B2A8-94EDB1FD10BB}.Release|x86.ActiveCfg = Release|Win32
		{64451793-49AB-4976-B2A8-94EDB1FD10BB}.Release|x86.Build.0 = Release|Win32
		{7E8F42A0-2B5A-4A25-879C-1A8BB3B2A363}.Debug|x64.ActiveCfg = Debug|x64
		{7E8F42A0-2B5A-4A25-879C-1A8BB3B2A363}.Debug|x64.Build.0 = Debug|x64
		{7E8F42A0-2B5A-4A25-879C-1A8BB3B2A363}.Debug|x86.ActiveCfg = Debug|Win32
		{7E8F42A0-2B5A-4A25-879C-1A8BB3B2A363}.Debug|x86.Build.0 = Debug|Win32
		{7E8F42A0-2B5A-4A25-879C-1A8BB3B2A363}.Release|x64.ActiveCfg = Release|x64
		{7E8F42A0-2B5A-4A25-879C-1A8BB3B2A363}.Release|x64.Build.0 = Release|x64
		{7E8F42A0-2B5A-4A25-879C-1A8BB3B2A363}.Release|x86.ActiveCfg = Release|Win32
		{7E8F42A0-2B5A-4A25-879C-1A8BB3B2A363}.Release|x86.Build.0 = Release|Win32
		{58D117A2-A8C5-469B-ACC5-E57145E74C59}.Debug|x64.ActiveCfg = Debug|x64
		{58D117A2-A8C5-469B-ACC5-E57145E74C59}.Debug|x64.Build.0 = Debug|x64
		{58D117A2-A8C5-469B-ACC5-E57145E74C59}.Debug|x86.ActiveCfg = Debug|Win32
		{58D117A2-A8C5-469B-ACC5-E57145E74C59}.Debug|x86.Build.0 = Debug|Win32
		{58D117A2-A8C5-469B-ACC5-E57145E74C59}.Release|x64.ActiveCfg = Release|x64
		{58D117A2-A8C5-469B-ACC5-E57145E74C59}.Release|x64.Build.0 = Release|x64
		{58D117A2-A8C5-469B-ACC5-E57145E74C59}.Release|x86.ActiveCfg = Release|Win32
		{58D117A2-A8C5-469B-ACC5-E57145E74C59}.Release|x86.Build.0 = Release|Win32
		{A03CAE4C-92DD-429C-9623-D50A1C40E024}.Debug|x64.ActiveCfg = Debug|x64
		{A03CAE4C-92DD-429C-9623-D50A1C40E024}.Debug|x64.Build.0 = Debug|x64
		{A03CAE4C-92DD-429C-9623-D50A1C40E024}.Debug|x86.ActiveCfg = Debug|Win32
		{A03CAE4C-92DD-429C-9623-D50A1C40E024}.Debug|x86.Build.0 = Debug|Win32
		{A03CAE4C-92DD-429C-9623-D50A1C40E024}.Release|x64.ActiveCfg = Release|x64
		{A03CAE4C-92DD-429C-9623-D50A1C40E024}.Release|x64.Build.0 = Release|x64
		{A03CAE4C-92DD-429C-9623-D50A1C40E024}.Release|x86.ActiveCfg = Release|Win32
		{A03CAE4C-92DD-429C-9623-D50A1C40E024}.Release|x86.Build.0 = Release|Win32
		{478EA17E-A118-442F-84E8-54A0F567B380}.Debug|x64.ActiveCfg = Debug|x64
		{478EA17E-A118-442F-84E8-54A0F567B380}.Debug|x64.Build.0 = Debug|x64
		{478EA17E-A118-442F-84E8-54A0F567B380}.Debug|x86.ActiveCfg = Debug|Win32
		{478EA17E-A118-442F-84E8-54A0F567B380}.Debug|x86.Build.0 = Debug|Win32
		{478EA17E-A118-442F-84E8-54A0F567B380}.Release|x64.ActiveCfg = Release|x64
		{478EA17E-A118-442F-84E8-54A0F567B380}.Release|x64.Build.0 = Release|x64
		{478EA17E-A118-442F-84E8-54A0F567B380}.Release|x86.ActiveCfg = Release|Win32
		{478EA17E-A118-442F-84E8-54A0F567B380}.Release|x86.Build.0 = Release|Win32
	EndGlobalSection
	GlobalSection(SolutionProperties) = preSolution
		HideSolutionNode = FALSE
	EndGlobalSection
	GlobalSection(NestedProjects) = preSolution
		{7023AB4A-7730-4594-A0C7-DDC6DA461343} = {4DDBDBFF-5850-4588-9454-2B8D2C1FB659}
		{EC7300DC-B09B-4626-80F6-432B5982638F} = {4DDBDBFF-5850-4588-9454-2B8D2C1FB659}
		{9EF5DECE-D157-4C40-A70B-FA31F4D0894E} = {33DD8AB4-5401-49F6-8208-862CD2C17323}
		{003A4B5A-3C46-43AC-BD34-60DB1F895549} = {8C5AFF5E-172F-4804-A0B6-6FC6FB0490C6}
		{2254997D-F816-4644-9B73-BBAB5F035212} = {4DDBDBFF-5850-4588-9454-2B8D2C1FB659}
		{64451793-49AB-4976-B2A8-94EDB1FD10BB} = {421E9D58-5A4F-47BC-B105-E30642E5960F}
		{7E8F42A0-2B5A-4A25-879C-1A8BB3B2A363} = {4DDBDBFF-5850-4588-9454-2B8D2C1FB659}
		{58D117A2-A8C5-469B-ACC5-E57145E74C59} = {33DD8AB4-5401-49F6-8208-862CD2C17323}
		{A03CAE4C-92DD-429C-9623-D50A1C40E024} = {421E9D58-5A4F-47BC-B105-E30642E5960F}
		{478EA17E-A118-442F-84E8-54A0F567B380} = {33DD8AB4-5401-49F6-8208-862CD2C17323}
	EndGlobalSection
EndGlobal
