<?xml version="1.0" encoding="utf-8"?>
<Project ToolsVersion="4.0" xmlns="http://schemas.microsoft.com/developer/msbuild/2003">
  <ItemGroup>
    <Filter Include="include">
      <UniqueIdentifier>{93995380-89BD-4b04-88EB-625FBE52EBFB}</UniqueIdentifier>
      <Extensions>h;hh;hpp;hxx;hm;inl;inc;xsd</Extensions>
    </Filter>
    <Filter Include="source">
      <UniqueIdentifier>{4FC737F1-C7A5-4376-A066-2A32D752A2FF}</UniqueIdentifier>
      <Extensions>cpp;c;cc;cxx;def;odl;idl;hpj;bat;asm;asmx</Extensions>
    </Filter>
    <Filter Include="include\Archives">
      <UniqueIdentifier>{455af515-187e-420f-8f43-e5b26f5a995b}</UniqueIdentifier>
    </Filter>
    <Filter Include="source\Archives">
      <UniqueIdentifier>{57e0c19c-9015-4d1b-a07a-3694720c6a3f}</UniqueIdentifier>
    </Filter>
    <Filter Include="private">
      <UniqueIdentifier>{aa12fe1e-ff77-4474-b47e-4127ec161a05}</UniqueIdentifier>
    </Filter>
    <Filter Include="include\Resources">
      <UniqueIdentifier>{0554814a-8f03-4574-95e6-81a58ddf8491}</UniqueIdentifier>
    </Filter>
    <Filter Include="source\Resources">
      <UniqueIdentifier>{f4378baf-b502-4522-a304-1a8a0dcce690}</UniqueIdentifier>
    </Filter>
    <Filter Include="include\Interfaces">
      <UniqueIdentifier>{690e0c8c-3dac-4cd5-b2fb-56e12e66d39e}</UniqueIdentifier>
    </Filter>
    <Filter Include="source\Interfaces">
      <UniqueIdentifier>{ef253ddf-b108-453e-8aa8-f5643297d93a}</UniqueIdentifier>
    </Filter>
    <Filter Include="include\Misc">
      <UniqueIdentifier>{317799fe-9eaf-41b4-9f94-8c92bfcd8247}</UniqueIdentifier>
    </Filter>
    <Filter Include="source\Misc">
      <UniqueIdentifier>{053708ef-8d4c-4337-a43b-0ddafdbdc4a6}</UniqueIdentifier>
    </Filter>
  </ItemGroup>
  <ItemGroup>
    <ClInclude Include="include\Resource\Archives\JsonArchive.h">
      <Filter>include\Archives</Filter>
    </ClInclude>
    <ClInclude Include="private\JsonArchiveWriter.h">
      <Filter>private</Filter>
    </ClInclude>
    <ClInclude Include="private\JsonArchiveReader.h">
      <Filter>private</Filter>
    </ClInclude>
    <ClInclude Include="include\Resource\Resources\Image.h">
      <Filter>include\Resources</Filter>
    </ClInclude>
    <ClInclude Include="include\Resource\ResourceManager.h">
      <Filter>include</Filter>
    </ClInclude>
    <ClInclude Include="include\Resource\ResourceId.h">
      <Filter>include</Filter>
    </ClInclude>
    <ClInclude Include="include\Resource\ResourceCallbackQueue.h">
      <Filter>include</Filter>
    </ClInclude>
    <ClInclude Include="include\Resource\Interfaces\IFromFile.h">
      <Filter>include\Interfaces</Filter>
    </ClInclude>
    <ClInclude Include="include\Resource\Misc\Color.h">
      <Filter>include\Misc</Filter>
    </ClInclude>
    <ClInclude Include="private\BinaryArchiveWriter.h">
      <Filter>private</Filter>
    </ClInclude>
    <ClInclude Include="include\Resource\Archives\BinaryArchive.h">
      <Filter>include\Archives</Filter>
    </ClInclude>
    <ClInclude Include="include\Resource\build.h">
      <Filter>include</Filter>
    </ClInclude>
    <ClInclude Include="private\BinaryArchiveReader.h">
      <Filter>private</Filter>
    </ClInclude>
    <ClInclude Include="private\BinaryArchiveNode.h">
      <Filter>private</Filter>
    </ClInclude>
    <ClInclude Include="include\Resource\Resources\Material.h">
      <Filter>include\Resources</Filter>
    </ClInclude>
    <ClInclude Include="include\Resource\Resources\Shader.h">
      <Filter>include\Resources</Filter>
    </ClInclude>
    <ClInclude Include="include\Resource\Resources\StaticMesh.h">
      <Filter>include\Resources</Filter>
    </ClInclude>
    <ClInclude Include="include\Resource\Resources\Texture.h">
      <Filter>include\Resources</Filter>
    </ClInclude>
    <ClInclude Include="include\Resource\ResourcePackage.h">
      <Filter>include</Filter>
    </ClInclude>
    <ClInclude Include="include\Resource\ResourceInfo.h">
      <Filter>include</Filter>
    </ClInclude>
    <ClInclude Include="include\Resource\Resources\HDRImage.h">
      <Filter>include\Resources</Filter>
    </ClInclude>
  </ItemGroup>
  <ItemGroup>
    <ClCompile Include="source\Archives\JsonArchive.cpp">
      <Filter>source\Archives</Filter>
    </ClCompile>
    <ClCompile Include="source\Resources\Image.cpp">
      <Filter>source\Resources</Filter>
    </ClCompile>
    <ClCompile Include="source\ResourceManager.cpp">
      <Filter>source</Filter>
    </ClCompile>
    <ClCompile Include="source\Interfaces\IFromFile.cpp">
      <Filter>source\Interfaces</Filter>
    </ClCompile>
    <ClCompile Include="source\Misc\Color.cpp">
      <Filter>source\Misc</Filter>
    </ClCompile>
    <ClCompile Include="source\Archives\BinaryArchive.cpp">
      <Filter>source\Archives</Filter>
    </ClCompile>
    <ClCompile Include="source\Resources\Material.cpp">
      <Filter>source\Resources</Filter>
    </ClCompile>
    <ClCompile Include="source\Resources\Shader.cpp">
      <Filter>source\Resources</Filter>
    </ClCompile>
    <ClCompile Include="source\Resources\StaticMesh.cpp">
      <Filter>source\Resources</Filter>
    </ClCompile>
    <ClCompile Include="source\Resources\Texture.cpp">
      <Filter>source\Resources</Filter>
    </ClCompile>
    <ClCompile Include="source\Resources\HDRImage.cpp">
      <Filter>source\Resources</Filter>
    </ClCompile>
  </ItemGroup>
</Project>