<?xml version="1.0" encoding="utf-8"?>
<Project ToolsVersion="4.0" xmlns="http://schemas.microsoft.com/developer/msbuild/2003">
  <ItemGroup>
    <Filter Include="include">
      <UniqueIdentifier>{93995380-89BD-4b04-88EB-625FBE52EBFB}</UniqueIdentifier>
      <Extensions>h;hh;hpp;hxx;hm;inl;inc;xsd</Extensions>
    </Filter>
    <Filter Include="source">
      <UniqueIdentifier>{4FC737F1-C7A5-4376-A066-2A32D752A2FF}</UniqueIdentifier>
      <Extensions>cpp;c;cc;cxx;def;odl;idl;hpj;bat;asm;asmx</Extensions>
    </Filter>
    <Filter Include="include\Archives">
      <UniqueIdentifier>{455af515-187e-420f-8f43-e5b26f5a995b}</UniqueIdentifier>
    </Filter>
    <Filter Include="source\Archives">
      <UniqueIdentifier>{57e0c19c-9015-4d1b-a07a-3694720c6a3f}</UniqueIdentifier>
    </Filter>
    <Filter Include="private">
      <UniqueIdentifier>{aa12fe1e-ff77-4474-b47e-4127ec161a05}</UniqueIdentifier>
    </Filter>
  </ItemGroup>
  <ItemGroup>
    <ClInclude Include="include\Resource\Image.h">
      <Filter>include</Filter>
    </ClInclude>
    <ClInclude Include="include\Resource\config.h">
      <Filter>include</Filter>
    </ClInclude>
    <ClInclude Include="include\Resource\Archives\JsonArchive.h">
      <Filter>include\Archives</Filter>
    </ClInclude>
    <ClInclude Include="private\JsonArchiveWriter.h">
      <Filter>private</Filter>
    </ClInclude>
    <ClInclude Include="include\Resource\Archives\BinaryArchive.h">
      <Filter>include\Archives</Filter>
    </ClInclude>
    <ClInclude Include="private\JsonArchiveReader.h">
      <Filter>private</Filter>
    </ClInclude>
  </ItemGroup>
  <ItemGroup>
    <ClCompile Include="source\Image.cpp">
      <Filter>source</Filter>
    </ClCompile>
    <ClCompile Include="source\Archives\JsonArchive.cpp">
      <Filter>source\Archives</Filter>
    </ClCompile>
  </ItemGroup>
</Project>