<?xml version="1.0" encoding="utf-8"?>
<Project ToolsVersion="4.0" xmlns="http://schemas.microsoft.com/developer/msbuild/2003">
  <ItemGroup>
    <Filter Include="include">
      <UniqueIdentifier>{93995380-89BD-4b04-88EB-625FBE52EBFB}</UniqueIdentifier>
      <Extensions>h;hh;hpp;hxx;hm;inl;inc;xsd</Extensions>
    </Filter>
    <Filter Include="source">
      <UniqueIdentifier>{4FC737F1-C7A5-4376-A066-2A32D752A2FF}</UniqueIdentifier>
      <Extensions>cpp;c;cc;cxx;def;odl;idl;hpj;bat;asm;asmx</Extensions>
    </Filter>
    <Filter Include="include\Components">
      <UniqueIdentifier>{59fb1ac6-6abf-4a1c-a295-2c026d073c9c}</UniqueIdentifier>
    </Filter>
    <Filter Include="source\Components">
      <UniqueIdentifier>{6831924b-f2f5-4af4-843d-93267fbc4990}</UniqueIdentifier>
    </Filter>
    <Filter Include="include\Components\Physics">
      <UniqueIdentifier>{6c3b615b-20e3-44c6-a302-8b3e45cc18c2}</UniqueIdentifier>
    </Filter>
    <Filter Include="source\Components\Physics">
      <UniqueIdentifier>{69ce79ce-243c-44ce-ba5c-deeb8a0c9e01}</UniqueIdentifier>
    </Filter>
    <Filter Include="include\Components\Display">
      <UniqueIdentifier>{75d7ae61-5a17-4231-9782-0113743fd0dc}</UniqueIdentifier>
    </Filter>
    <Filter Include="source\Components\Display">
      <UniqueIdentifier>{c3a29cdf-2d17-49cd-b103-eeaaab3e75f0}</UniqueIdentifier>
    </Filter>
    <Filter Include="include\Util">
      <UniqueIdentifier>{2542d038-0fd9-4ebd-bee4-3497856a024a}</UniqueIdentifier>
    </Filter>
    <Filter Include="include\Components\Gameplay">
      <UniqueIdentifier>{036d44a3-1b68-4ee8-928f-1f96b680a345}</UniqueIdentifier>
    </Filter>
    <Filter Include="source\Components\Gameplay">
      <UniqueIdentifier>{eca2e36e-b74f-4f75-9a8e-0b9c81cd25e0}</UniqueIdentifier>
    </Filter>
    <Filter Include="include\Tags">
      <UniqueIdentifier>{2a160702-b594-41dc-8459-73aa08bc95e1}</UniqueIdentifier>
    </Filter>
    <Filter Include="source\Tags">
      <UniqueIdentifier>{cea0a94a-edf7-4441-a0a9-4511c592deba}</UniqueIdentifier>
    </Filter>
    <Filter Include="source\Util">
      <UniqueIdentifier>{66040f94-0ac4-4be2-823a-203fe8f16738}</UniqueIdentifier>
    </Filter>
    <Filter Include="include\Nodes">
      <UniqueIdentifier>{7f679c28-bf0f-4005-9e8f-c83cf346f6f6}</UniqueIdentifier>
    </Filter>
  </ItemGroup>
  <ItemGroup>
    <ClInclude Include="include\Engine\config.h">
      <Filter>include</Filter>
    </ClInclude>
    <ClInclude Include="include\Engine\Scene.h">
      <Filter>include</Filter>
    </ClInclude>
    <ClInclude Include="include\Engine\Component.h">
      <Filter>include</Filter>
    </ClInclude>
    <ClInclude Include="include\Engine\Components\Display\CCamera.h">
      <Filter>include\Components\Display</Filter>
    </ClInclude>
    <ClInclude Include="include\Engine\Components\Display\CStaticMesh.h">
      <Filter>include\Components\Display</Filter>
    </ClInclude>
    <ClInclude Include="include\Engine\Components\CTransform3D.h">
      <Filter>include\Components</Filter>
    </ClInclude>
    <ClInclude Include="include\Engine\Components\Physics\CVelocity.h">
      <Filter>include\Components\Physics</Filter>
    </ClInclude>
    <ClInclude Include="include\Engine\ProcessingFrame.h">
      <Filter>include</Filter>
    </ClInclude>
    <ClInclude Include="include\Engine\SceneData.h">
      <Filter>include</Filter>
    </ClInclude>
    <ClInclude Include="include\Engine\SystemFrame.h">
      <Filter>include</Filter>
    </ClInclude>
    <ClInclude Include="include\Engine\Components\Display\CSpotlight.h">
      <Filter>include\Components\Display</Filter>
    </ClInclude>
    <ClInclude Include="include\Engine\Components\Display\CLightColor.h">
      <Filter>include\Components\Display</Filter>
    </ClInclude>
    <ClInclude Include="include\Engine\Util\BasicComponentContainer.h">
      <Filter>include\Util</Filter>
    </ClInclude>
    <ClInclude Include="include\Engine\Components\Physics\CRigidBody.h">
      <Filter>include\Components\Physics</Filter>
    </ClInclude>
    <ClInclude Include="include\Engine\Components\Physics\CSensor.h">
      <Filter>include\Components\Physics</Filter>
    </ClInclude>
    <ClInclude Include="include\Engine\Util\EmptyComponentContainer.h">
      <Filter>include\Util</Filter>
    </ClInclude>
    <ClInclude Include="include\Engine\UpdatePipeline.h">
      <Filter>include</Filter>
    </ClInclude>
    <ClInclude Include="include\Engine\Components\Physics\CBoxCollider.h">
      <Filter>include\Components\Physics</Filter>
    </ClInclude>
    <ClInclude Include="include\Engine\Components\Gameplay\CCharacterController.h">
      <Filter>include\Components\Gameplay</Filter>
    </ClInclude>
    <ClInclude Include="include\Engine\Components\Physics\CCapsuleCollider.h">
      <Filter>include\Components\Physics</Filter>
    </ClInclude>
    <ClInclude Include="include\Engine\Components\Gameplay\CInput.h">
      <Filter>include\Components\Gameplay</Filter>
    </ClInclude>
    <ClInclude Include="include\Engine\Components\Display\CLightMaskObstructor.h">
      <Filter>include\Components\Display</Filter>
    </ClInclude>
    <ClInclude Include="include\Engine\Components\Display\CLightMaskReceiver.h">
      <Filter>include\Components\Display</Filter>
    </ClInclude>
    <ClInclude Include="include\Engine\TagBuffer.h">
      <Filter>include</Filter>
    </ClInclude>
    <ClInclude Include="include\Engine\Util\VectorUtils.h">
      <Filter>include\Util</Filter>
    </ClInclude>
    <ClInclude Include="include\Engine\SystemInfo.h">
      <Filter>include</Filter>
    </ClInclude>
    <ClInclude Include="include\Engine\TagCallbackInfo.h">
      <Filter>include</Filter>
    </ClInclude>
    <ClInclude Include="include\Engine\Util\TagStorage.h">
      <Filter>include\Util</Filter>
    </ClInclude>
    <ClInclude Include="include\Engine\Util\EntityRangePack.h">
      <Filter>include\Util</Filter>
    </ClInclude>
    <ClInclude Include="include\Engine\Util\MapComponentContainer.h">
      <Filter>include\Util</Filter>
    </ClInclude>
    <ClInclude Include="include\Engine\Components\Display\CLightMaskVolume.h">
      <Filter>include\Components\Display</Filter>
    </ClInclude>
    <ClInclude Include="include\Engine\Tags\DebugDraw.h">
      <Filter>include\Tags</Filter>
    </ClInclude>
    <ClInclude Include="include\Engine\Node.h">
      <Filter>include</Filter>
    </ClInclude>
    <ClInclude Include="include\Engine\Nodes\RigidBodyNode.h">
      <Filter>include\Nodes</Filter>
    </ClInclude>
    <ClInclude Include="include\Engine\EventChannel.h">
      <Filter>include</Filter>
    </ClInclude>
  </ItemGroup>
  <ItemGroup>
    <ClCompile Include="source\Scene.cpp">
      <Filter>source</Filter>
    </ClCompile>
    <ClCompile Include="source\Component.cpp">
      <Filter>source</Filter>
    </ClCompile>
    <ClCompile Include="source\Components\Display\CCamera.cpp">
      <Filter>source\Components\Display</Filter>
    </ClCompile>
    <ClCompile Include="source\Components\Display\CStaticMesh.cpp">
      <Filter>source\Components\Display</Filter>
    </ClCompile>
    <ClCompile Include="source\Components\CTransform3D.cpp">
      <Filter>source\Components</Filter>
    </ClCompile>
    <ClCompile Include="source\Components\Physics\CVelocity.cpp">
      <Filter>source\Components\Physics</Filter>
    </ClCompile>
    <ClCompile Include="source\ProcessingFrame.cpp">
      <Filter>source</Filter>
    </ClCompile>
    <ClCompile Include="source\SystemFrame.cpp">
      <Filter>source</Filter>
    </ClCompile>
    <ClCompile Include="source\Components\Display\CSpotLight.cpp">
      <Filter>source\Components\Display</Filter>
    </ClCompile>
    <ClCompile Include="source\Components\Display\CLightColor.cpp">
      <Filter>source\Components\Display</Filter>
    </ClCompile>
    <ClCompile Include="source\Components\Physics\CSensor.cpp">
      <Filter>source\Components\Physics</Filter>
    </ClCompile>
    <ClCompile Include="source\Engine\UpdatePipeline.cpp">
      <Filter>source</Filter>
    </ClCompile>
    <ClCompile Include="source\Components\Physics\CBoxCollider.cpp">
      <Filter>source\Components\Physics</Filter>
    </ClCompile>
    <ClCompile Include="source\Components\Gameplay\CCharacterController.cpp">
      <Filter>source\Components\Gameplay</Filter>
    </ClCompile>
    <ClCompile Include="source\Components\Physics\CRigidBody.cpp">
      <Filter>source\Components\Physics</Filter>
    </ClCompile>
    <ClCompile Include="source\Components\Physics\CCapsuleCollider.cpp">
      <Filter>source\Components\Physics</Filter>
    </ClCompile>
    <ClCompile Include="source\Components\Gameplay\CInput.cpp">
      <Filter>source\Components\Gameplay</Filter>
    </ClCompile>
    <ClCompile Include="source\Components\Display\CLightMaskReceiver.cpp">
      <Filter>source\Components\Display</Filter>
    </ClCompile>
    <ClCompile Include="source\Components\Display\CLightMaskObstructor.cpp">
      <Filter>source\Components\Display</Filter>
    </ClCompile>
    <ClCompile Include="source\TagBuffer.cpp">
      <Filter>source</Filter>
    </ClCompile>
    <ClCompile Include="source\Util\VectorUtils.cpp">
      <Filter>source\Util</Filter>
    </ClCompile>
    <ClCompile Include="source\Components\Display\CLightMaskVolume.cpp">
      <Filter>source\Components\Display</Filter>
    </ClCompile>
    <ClCompile Include="source\Tags\DebugDraw.cpp">
      <Filter>source\Tags</Filter>
    </ClCompile>
    <ClCompile Include="source\Node.cpp">
      <Filter>source</Filter>
    </ClCompile>
    <ClCompile Include="source\EventChannel.cpp">
      <Filter>source</Filter>
    </ClCompile>
  </ItemGroup>
</Project>